
Microsoft Visual Studio Solution File, Format Version 12.00
# Visual Studio Version 17
VisualStudioVersion = 17.0.31825.309
MinimumVisualStudioVersion = 10.0.40219.1
Project("{9A19103F-16F7-4668-BE54-9A1E7A4F7556}") = "TimeCapsuleBackend", "TimeCapsuleBackend\TimeCapsuleBackend.csproj", "{92868E2C-A918-4C74-8D04-CA67C463E64B}"
EndProject
Project("{9A19103F-16F7-4668-BE54-9A1E7A4F7556}") = "TimeCapsuleBackend.Data", "TimeCapsuleBackend.Data\TimeCapsuleBackend.Data.csproj", "{315F4AA6-CE60-4031-B443-52CC17DCB168}"
EndProject
Project("{9A19103F-16F7-4668-BE54-9A1E7A4F7556}") = "BussinessLogic", "BussinessLogic\BussinessLogic.csproj", "{B91520B7-ED65-4946-B2D8-1A802040389B}"
EndProject
Project("{2150E333-8FDC-42A3-9474-1A3956D46DE8}") = "Backend", "Backend", "{69203BE7-7648-4499-BC31-253BC9138DA0}"
EndProject
Project("{2150E333-8FDC-42A3-9474-1A3956D46DE8}") = "Frontend", "Frontend", "{E215F266-DFC3-4291-BEA7-4FE21710664B}"
EndProject
Global
	GlobalSection(SolutionConfigurationPlatforms) = preSolution
		Debug|Any CPU = Debug|Any CPU
		Release|Any CPU = Release|Any CPU
	EndGlobalSection
	GlobalSection(ProjectConfigurationPlatforms) = postSolution
		{92868E2C-A918-4C74-8D04-CA67C463E64B}.Debug|Any CPU.ActiveCfg = Debug|Any CPU
		{92868E2C-A918-4C74-8D04-CA67C463E64B}.Debug|Any CPU.Build.0 = Debug|Any CPU
		{92868E2C-A918-4C74-8D04-CA67C463E64B}.Release|Any CPU.ActiveCfg = Release|Any CPU
		{92868E2C-A918-4C74-8D04-CA67C463E64B}.Release|Any CPU.Build.0 = Release|Any CPU
		{315F4AA6-CE60-4031-B443-52CC17DCB168}.Debug|Any CPU.ActiveCfg = Debug|Any CPU
		{315F4AA6-CE60-4031-B443-52CC17DCB168}.Debug|Any CPU.Build.0 = Debug|Any CPU
		{315F4AA6-CE60-4031-B443-52CC17DCB168}.Release|Any CPU.ActiveCfg = Release|Any CPU
		{315F4AA6-CE60-4031-B443-52CC17DCB168}.Release|Any CPU.Build.0 = Release|Any CPU
		{B91520B7-ED65-4946-B2D8-1A802040389B}.Debug|Any CPU.ActiveCfg = Debug|Any CPU
		{B91520B7-ED65-4946-B2D8-1A802040389B}.Debug|Any CPU.Build.0 = Debug|Any CPU
		{B91520B7-ED65-4946-B2D8-1A802040389B}.Release|Any CPU.ActiveCfg = Release|Any CPU
		{B91520B7-ED65-4946-B2D8-1A802040389B}.Release|Any CPU.Build.0 = Release|Any CPU
	EndGlobalSection
	GlobalSection(SolutionProperties) = preSolution
		HideSolutionNode = FALSE
	EndGlobalSection
	GlobalSection(NestedProjects) = preSolution
		{92868E2C-A918-4C74-8D04-CA67C463E64B} = {69203BE7-7648-4499-BC31-253BC9138DA0}
		{315F4AA6-CE60-4031-B443-52CC17DCB168} = {69203BE7-7648-4499-BC31-253BC9138DA0}
		{B91520B7-ED65-4946-B2D8-1A802040389B} = {69203BE7-7648-4499-BC31-253BC9138DA0}
	EndGlobalSection
	GlobalSection(ExtensibilityGlobals) = postSolution
		SolutionGuid = {5AB9FB6D-3569-4F48-8E57-A3AE6274FFD9}
	EndGlobalSection
EndGlobal
